
Microsoft Visual Studio Solution File, Format Version 12.00
# Visual Studio 15
VisualStudioVersion = 15.0.27004.2010
MinimumVisualStudioVersion = 10.0.40219.1
Project("{FAE04EC0-301F-11D3-BF4B-00C04F79EFBC}") = "CLib", "CLib\CLib.csproj", "{3B6CA58C-9DB3-4256-8A10-BC7101D1EE8A}"
EndProject
Project("{FAE04EC0-301F-11D3-BF4B-00C04F79EFBC}") = "CLibCompression", "CLibCompression\CLibCompression.csproj", "{C780B540-D5AA-4C4E-A89B-E50D5DBF76A4}"
EndProject
Project("{FAE04EC0-301F-11D3-BF4B-00C04F79EFBC}") = "CLibLogging", "CLibLogging\CLibLogging.csproj", "{6EC8493C-6803-487C-8061-0F8C4D33A7E6}"
EndProject
Project("{FAE04EC0-301F-11D3-BF4B-00C04F79EFBC}") = "CLibSocket", "CLibSocket\CLibSocket.csproj", "{9573C0AE-7B68-4B63-B7DD-E982E62F6086}"
EndProject
Project("{FAE04EC0-301F-11D3-BF4B-00C04F79EFBC}") = "CLibDatabase", "CLibDatabase\CLibDatabase.csproj", "{07CD2D0A-18BA-4C2F-BE3D-ACA0ED52FF86}"
EndProject
Project("{FAE04EC0-301F-11D3-BF4B-00C04F79EFBC}") = "CLibDataBaseEditor", "CLibDataBaseEditor\CLibDataBaseEditor.csproj", "{4E33037A-E04D-4D10-9CA1-1824EC7BCD1A}"
EndProject
Global
	GlobalSection(SolutionConfigurationPlatforms) = preSolution
		Debug|Any CPU = Debug|Any CPU
		Debug|x64 = Debug|x64
		Debug|x86 = Debug|x86
		Release|Any CPU = Release|Any CPU
		Release|x64 = Release|x64
		Release|x86 = Release|x86
	EndGlobalSection
	GlobalSection(ProjectConfigurationPlatforms) = postSolution
		{3B6CA58C-9DB3-4256-8A10-BC7101D1EE8A}.Debug|Any CPU.ActiveCfg = Release|x86
		{3B6CA58C-9DB3-4256-8A10-BC7101D1EE8A}.Debug|Any CPU.Build.0 = Release|x86
		{3B6CA58C-9DB3-4256-8A10-BC7101D1EE8A}.Debug|x64.ActiveCfg = Release|x64
		{3B6CA58C-9DB3-4256-8A10-BC7101D1EE8A}.Debug|x64.Build.0 = Release|x64
		{3B6CA58C-9DB3-4256-8A10-BC7101D1EE8A}.Debug|x86.ActiveCfg = Release|x86
		{3B6CA58C-9DB3-4256-8A10-BC7101D1EE8A}.Debug|x86.Build.0 = Release|x86
		{3B6CA58C-9DB3-4256-8A10-BC7101D1EE8A}.Release|Any CPU.ActiveCfg = Release|x86
		{3B6CA58C-9DB3-4256-8A10-BC7101D1EE8A}.Release|x64.ActiveCfg = Release|x64
		{3B6CA58C-9DB3-4256-8A10-BC7101D1EE8A}.Release|x64.Build.0 = Release|x64
		{3B6CA58C-9DB3-4256-8A10-BC7101D1EE8A}.Release|x86.ActiveCfg = Release|x86
		{3B6CA58C-9DB3-4256-8A10-BC7101D1EE8A}.Release|x86.Build.0 = Release|x86
		{C780B540-D5AA-4C4E-A89B-E50D5DBF76A4}.Debug|Any CPU.ActiveCfg = Release|x86
		{C780B540-D5AA-4C4E-A89B-E50D5DBF76A4}.Debug|Any CPU.Build.0 = Release|x86
		{C780B540-D5AA-4C4E-A89B-E50D5DBF76A4}.Debug|x64.ActiveCfg = Release|x64
		{C780B540-D5AA-4C4E-A89B-E50D5DBF76A4}.Debug|x64.Build.0 = Release|x64
		{C780B540-D5AA-4C4E-A89B-E50D5DBF76A4}.Debug|x86.ActiveCfg = Release|x86
		{C780B540-D5AA-4C4E-A89B-E50D5DBF76A4}.Debug|x86.Build.0 = Release|x86
		{C780B540-D5AA-4C4E-A89B-E50D5DBF76A4}.Release|Any CPU.ActiveCfg = Release|x86
		{C780B540-D5AA-4C4E-A89B-E50D5DBF76A4}.Release|x64.ActiveCfg = Release|x64
		{C780B540-D5AA-4C4E-A89B-E50D5DBF76A4}.Release|x64.Build.0 = Release|x64
		{C780B540-D5AA-4C4E-A89B-E50D5DBF76A4}.Release|x86.ActiveCfg = Release|x86
		{C780B540-D5AA-4C4E-A89B-E50D5DBF76A4}.Release|x86.Build.0 = Release|x86
		{6EC8493C-6803-487C-8061-0F8C4D33A7E6}.Debug|Any CPU.ActiveCfg = Release|x86
		{6EC8493C-6803-487C-8061-0F8C4D33A7E6}.Debug|Any CPU.Build.0 = Release|x86
		{6EC8493C-6803-487C-8061-0F8C4D33A7E6}.Debug|x64.ActiveCfg = Release|x64
		{6EC8493C-6803-487C-8061-0F8C4D33A7E6}.Debug|x64.Build.0 = Release|x64
		{6EC8493C-6803-487C-8061-0F8C4D33A7E6}.Debug|x86.ActiveCfg = Release|x86
		{6EC8493C-6803-487C-8061-0F8C4D33A7E6}.Debug|x86.Build.0 = Release|x86
		{6EC8493C-6803-487C-8061-0F8C4D33A7E6}.Release|Any CPU.ActiveCfg = Release|x86
		{6EC8493C-6803-487C-8061-0F8C4D33A7E6}.Release|x64.ActiveCfg = Release|x64
		{6EC8493C-6803-487C-8061-0F8C4D33A7E6}.Release|x64.Build.0 = Release|x64
		{6EC8493C-6803-487C-8061-0F8C4D33A7E6}.Release|x86.ActiveCfg = Release|x86
		{6EC8493C-6803-487C-8061-0F8C4D33A7E6}.Release|x86.Build.0 = Release|x86
		{9573C0AE-7B68-4B63-B7DD-E982E62F6086}.Debug|Any CPU.ActiveCfg = Release|x86
		{9573C0AE-7B68-4B63-B7DD-E982E62F6086}.Debug|Any CPU.Build.0 = Release|x86
		{9573C0AE-7B68-4B63-B7DD-E982E62F6086}.Debug|x64.ActiveCfg = Release|x64
		{9573C0AE-7B68-4B63-B7DD-E982E62F6086}.Debug|x64.Build.0 = Release|x64
		{9573C0AE-7B68-4B63-B7DD-E982E62F6086}.Debug|x86.ActiveCfg = Release|x86
		{9573C0AE-7B68-4B63-B7DD-E982E62F6086}.Debug|x86.Build.0 = Release|x86
		{9573C0AE-7B68-4B63-B7DD-E982E62F6086}.Release|Any CPU.ActiveCfg = Release|x86
		{9573C0AE-7B68-4B63-B7DD-E982E62F6086}.Release|x64.ActiveCfg = Release|x64
		{9573C0AE-7B68-4B63-B7DD-E982E62F6086}.Release|x64.Build.0 = Release|x64
		{9573C0AE-7B68-4B63-B7DD-E982E62F6086}.Release|x86.ActiveCfg = Release|x86
		{9573C0AE-7B68-4B63-B7DD-E982E62F6086}.Release|x86.Build.0 = Release|x86
		{07CD2D0A-18BA-4C2F-BE3D-ACA0ED52FF86}.Debug|Any CPU.ActiveCfg = Release|x86
		{07CD2D0A-18BA-4C2F-BE3D-ACA0ED52FF86}.Debug|Any CPU.Build.0 = Release|x86
		{07CD2D0A-18BA-4C2F-BE3D-ACA0ED52FF86}.Debug|x64.ActiveCfg = Release|x64
		{07CD2D0A-18BA-4C2F-BE3D-ACA0ED52FF86}.Debug|x64.Build.0 = Release|x64
		{07CD2D0A-18BA-4C2F-BE3D-ACA0ED52FF86}.Debug|x86.ActiveCfg = Release|x86
		{07CD2D0A-18BA-4C2F-BE3D-ACA0ED52FF86}.Debug|x86.Build.0 = Release|x86
		{07CD2D0A-18BA-4C2F-BE3D-ACA0ED52FF86}.Release|Any CPU.ActiveCfg = Release|x86
		{07CD2D0A-18BA-4C2F-BE3D-ACA0ED52FF86}.Release|x64.ActiveCfg = Release|x64
		{07CD2D0A-18BA-4C2F-BE3D-ACA0ED52FF86}.Release|x64.Build.0 = Release|x64
		{07CD2D0A-18BA-4C2F-BE3D-ACA0ED52FF86}.Release|x86.ActiveCfg = Release|x86
		{07CD2D0A-18BA-4C2F-BE3D-ACA0ED52FF86}.Release|x86.Build.0 = Release|x86
		{4E33037A-E04D-4D10-9CA1-1824EC7BCD1A}.Debug|Any CPU.ActiveCfg = Debug|Any CPU
		{4E33037A-E04D-4D10-9CA1-1824EC7BCD1A}.Debug|Any CPU.Build.0 = Debug|Any CPU
		{4E33037A-E04D-4D10-9CA1-1824EC7BCD1A}.Debug|x64.ActiveCfg = Debug|Any CPU
		{4E33037A-E04D-4D10-9CA1-1824EC7BCD1A}.Debug|x64.Build.0 = Debug|Any CPU
		{4E33037A-E04D-4D10-9CA1-1824EC7BCD1A}.Debug|x86.ActiveCfg = Debug|Any CPU
		{4E33037A-E04D-4D10-9CA1-1824EC7BCD1A}.Debug|x86.Build.0 = Debug|Any CPU
		{4E33037A-E04D-4D10-9CA1-1824EC7BCD1A}.Release|Any CPU.ActiveCfg = Release|Any CPU
		{4E33037A-E04D-4D10-9CA1-1824EC7BCD1A}.Release|Any CPU.Build.0 = Release|Any CPU
		{4E33037A-E04D-4D10-9CA1-1824EC7BCD1A}.Release|x64.ActiveCfg = Release|Any CPU
		{4E33037A-E04D-4D10-9CA1-1824EC7BCD1A}.Release|x64.Build.0 = Release|Any CPU
		{4E33037A-E04D-4D10-9CA1-1824EC7BCD1A}.Release|x86.ActiveCfg = Release|Any CPU
		{4E33037A-E04D-4D10-9CA1-1824EC7BCD1A}.Release|x86.Build.0 = Release|Any CPU
	EndGlobalSection
	GlobalSection(SolutionProperties) = preSolution
		HideSolutionNode = FALSE
	EndGlobalSection
	GlobalSection(ExtensibilityGlobals) = postSolution
		SolutionGuid = {80B1FA6F-48B2-42F7-A149-CE008D675BCD}
	EndGlobalSection
EndGlobal
